{
  "requires": true,
  "lockfileVersion": 1,
  "dependencies": {
    "bootstrap-cookie-alert": {
      "version": "1.0.0",
      "resolved": "https://registry.npmjs.org/bootstrap-cookie-alert/-/bootstrap-cookie-alert-1.0.0.tgz",
      "integrity": "sha512-W0sBjaWz3bkkd/Wdau1h2AgtTL/yKumI0TXTunOz4E5oWjp0HUT2crnt9eu2BDOhBJekoEWfPmtmz0nch9W5dw=="
    }
  }
}
